Microsoft Visual Studio Solution File, Format Version 12.00
# Visual Studio Version 17
VisualStudioVersion = 17.5.2.0
MinimumVisualStudioVersion = 10.0.40219.1
Project("{FAE04EC0-301F-11D3-BF4B-00C04F79EFBC}") = "Abstract", "Abstract.csproj", "{4CE3F0F5-4A47-2865-28B4-9398AABCB879}"
EndProject
Project("{FAE04EC0-301F-11D3-BF4B-00C04F79EFBC}") = "KakutouControllerFactory", "KakutouController\KakutouControllerFactory.csproj", "{0372B4D9-E5DB-5CC0-18F3-CA97B3383994}"
EndProject
Project("{FAE04EC0-301F-11D3-BF4B-00C04F79EFBC}") = "MarioController", "MarioController\MarioController.csproj", "{2AF79B0F-7C5D-8C8C-C6FA-40578A79DF3C}"
EndProject
Project("{FAE04EC0-301F-11D3-BF4B-00C04F79EFBC}") = "Factory", "Factory\Factory.csproj", "{3AC420CF-3986-0CBE-3127-D743541D50CE}"
EndProject
Global
	GlobalSection(SolutionConfigurationPlatforms) = preSolution
		Debug|Any CPU = Debug|Any CPU
		Release|Any CPU = Release|Any CPU
	EndGlobalSection
	GlobalSection(ProjectConfigurationPlatforms) = postSolution
		{4CE3F0F5-4A47-2865-28B4-9398AABCB879}.Debug|Any CPU.ActiveCfg = Debug|Any CPU
		{4CE3F0F5-4A47-2865-28B4-9398AABCB879}.Debug|Any CPU.Build.0 = Debug|Any CPU
		{4CE3F0F5-4A47-2865-28B4-9398AABCB879}.Release|Any CPU.ActiveCfg = Release|Any CPU
		{4CE3F0F5-4A47-2865-28B4-9398AABCB879}.Release|Any CPU.Build.0 = Release|Any CPU
		{0372B4D9-E5DB-5CC0-18F3-CA97B3383994}.Debug|Any CPU.ActiveCfg = Debug|Any CPU
		{0372B4D9-E5DB-5CC0-18F3-CA97B3383994}.Debug|Any CPU.Build.0 = Debug|Any CPU
		{0372B4D9-E5DB-5CC0-18F3-CA97B3383994}.Release|Any CPU.ActiveCfg = Release|Any CPU
		{0372B4D9-E5DB-5CC0-18F3-CA97B3383994}.Release|Any CPU.Build.0 = Release|Any CPU
		{2AF79B0F-7C5D-8C8C-C6FA-40578A79DF3C}.Debug|Any CPU.ActiveCfg = Debug|Any CPU
		{2AF79B0F-7C5D-8C8C-C6FA-40578A79DF3C}.Debug|Any CPU.Build.0 = Debug|Any CPU
		{2AF79B0F-7C5D-8C8C-C6FA-40578A79DF3C}.Release|Any CPU.ActiveCfg = Release|Any CPU
		{2AF79B0F-7C5D-8C8C-C6FA-40578A79DF3C}.Release|Any CPU.Build.0 = Release|Any CPU
		{3AC420CF-3986-0CBE-3127-D743541D50CE}.Debug|Any CPU.ActiveCfg = Debug|Any CPU
		{3AC420CF-3986-0CBE-3127-D743541D50CE}.Debug|Any CPU.Build.0 = Debug|Any CPU
		{3AC420CF-3986-0CBE-3127-D743541D50CE}.Release|Any CPU.ActiveCfg = Release|Any CPU
		{3AC420CF-3986-0CBE-3127-D743541D50CE}.Release|Any CPU.Build.0 = Release|Any CPU
	EndGlobalSection
	GlobalSection(SolutionProperties) = preSolution
		HideSolutionNode = FALSE
	EndGlobalSection
	GlobalSection(ExtensibilityGlobals) = postSolution
		SolutionGuid = {FBA4ECBA-EF87-448B-A507-3D04AF6E4280}
	EndGlobalSection
EndGlobal
